Microsoft Visual Studio Solution File, Format Version 12.00
# Visual Studio Version 17
VisualStudioVersion = 17.5.2.0
MinimumVisualStudioVersion = 10.0.40219.1
Project("{FAE04EC0-301F-11D3-BF4B-00C04F79EFBC}") = "Reservas.API", "Reservas.API.csproj", "{33109C62-3DE9-22AF-80E5-313D10987F80}"
EndProject
Global
	GlobalSection(SolutionConfigurationPlatforms) = preSolution
		Debug|Any CPU = Debug|Any CPU
		Release|Any CPU = Release|Any CPU
	EndGlobalSection
	GlobalSection(ProjectConfigurationPlatforms) = postSolution
		{33109C62-3DE9-22AF-80E5-313D10987F80}.Debug|Any CPU.ActiveCfg = Debug|Any CPU
		{33109C62-3DE9-22AF-80E5-313D10987F80}.Debug|Any CPU.Build.0 = Debug|Any CPU
		{33109C62-3DE9-22AF-80E5-313D10987F80}.Release|Any CPU.ActiveCfg = Release|Any CPU
		{33109C62-3DE9-22AF-80E5-313D10987F80}.Release|Any CPU.Build.0 = Release|Any CPU
	EndGlobalSection
	GlobalSection(SolutionProperties) = preSolution
		HideSolutionNode = FALSE
	EndGlobalSection
	GlobalSection(ExtensibilityGlobals) = postSolution
		SolutionGuid = {F7D30A0C-EED5-47C8-99E6-D05AA40F33DE}
	EndGlobalSection
EndGlobal
